// !$*UTF8*$!
{
	archiveVersion = 1;
	classes = {
	};
	objectVersion = 46;
	objects = {

/* Begin PBXBuildFile section */
		A21B99C819DEA665002AF026 /* TWCoreDateHelper.m in Sources */ = {isa = PBXBuildFile; fileRef = A21B99C719DEA665002AF026 /* TWCoreDateHelper.m */; };
		A21B99CB19DEAAA3002AF026 /* TWPhotosCollectionViewController.m in Sources */ = {isa = PBXBuildFile; fileRef = A21B99CA19DEAAA3002AF026 /* TWPhotosCollectionViewController.m */; };
		A21B99CE19DEAD6E002AF026 /* TWPhotoCollectionViewCell.m in Sources */ = {isa = PBXBuildFile; fileRef = A21B99CD19DEAD6E002AF026 /* TWPhotoCollectionViewCell.m */; };
		A21B99D019DEB066002AF026 /* astronaut.jpg in Resources */ = {isa = PBXBuildFile; fileRef = A21B99CF19DEB066002AF026 /* astronaut.jpg */; };
		A21B99D619DEC4C7002AF026 /* Photo.m in Sources */ = {isa = PBXBuildFile; fileRef = A21B99D519DEC4C7002AF026 /* Photo.m */; };
		A21B99D919DEC4C8002AF026 /* Album.m in Sources */ = {isa = PBXBuildFile; fileRef = A21B99D819DEC4C8002AF026 /* Album.m */; };
		A21B99DD19DEC5B9002AF026 /* TWPictureDataTransformer.m in Sources */ = {isa = PBXBuildFile; fileRef = A21B99DC19DEC5B9002AF026 /* TWPictureDataTransformer.m */; };
		A21B99E019DED1C1002AF026 /* TWPhotoDetailViewController.m in Sources */ = {isa = PBXBuildFile; fileRef = A21B99DF19DED1C1002AF026 /* TWPhotoDetailViewController.m */; };
		A298C8F319DDA08700C0294D /* main.m in Sources */ = {isa = PBXBuildFile; fileRef = A298C8F219DDA08700C0294D /* main.m */; };
		A298C8F619DDA08700C0294D /* AppDelegate.m in Sources */ = {isa = PBXBuildFile; fileRef = A298C8F519DDA08700C0294D /* AppDelegate.m */; };
		A298C8F919DDA08700C0294D /* Thousand_Words.xcdatamodeld in Sources */ = {isa = PBXBuildFile; fileRef = A298C8F719DDA08700C0294D /* Thousand_Words.xcdatamodeld */; };
		A298C90119DDA08700C0294D /* Images.xcassets in Resources */ = {isa = PBXBuildFile; fileRef = A298C90019DDA08700C0294D /* Images.xcassets */; };
		A298C91019DDA08700C0294D /* Thousand_WordsTests.m in Sources */ = {isa = PBXBuildFile; fileRef = A298C90F19DDA08700C0294D /* Thousand_WordsTests.m */; };
		A298C91A19DDA25700C0294D /* Storyboard.storyboard in Resources */ = {isa = PBXBuildFile; fileRef = A298C91919DDA25700C0294D /* Storyboard.storyboard */; };
		A298C91D19DDA2F500C0294D /* TWAlbumTableViewController.m in Sources */ = {isa = PBXBuildFile; fileRef = A298C91C19DDA2F500C0294D /* TWAlbumTableViewController.m */; };
		A29ED8B519DFE03D00B64531 /* TWFiltersCollectionViewController.m in Sources */ = {isa = PBXBuildFile; fileRef = A29ED8B419DFE03D00B64531 /* TWFiltersCollectionViewController.m */; };
/* End PBXBuildFile section */

/* Begin PBXContainerItemProxy section */
		A298C90A19DDA08700C0294D /* PBXContainerItemProxy */ = {
			isa = PBXContainerItemProxy;
			containerPortal = A298C8E519DDA08700C0294D /* Project object */;
			proxyType = 1;
			remoteGlobalIDString = A298C8EC19DDA08700C0294D;
			remoteInfo = "Thousand Words";
		};
/* End PBXContainerItemProxy section */

/* Begin PBXFileReference section */
		A21B99C619DEA665002AF026 /* TWCoreDateHelper.h */ = {isa = PBXFileReference; fileEncoding = 4; lastKnownFileType = sourcecode.c.h; path = TWCoreDateHelper.h; sourceTree = "<group>"; };
		A21B99C719DEA665002AF026 /* TWCoreDateHelper.m */ = {isa = PBXFileReference; fileEncoding = 4; lastKnownFileType = sourcecode.c.objc; path = TWCoreDateHelper.m; sourceTree = "<group>"; };
		A21B99C919DEAAA3002AF026 /* TWPhotosCollectionViewController.h */ = {isa = PBXFileReference; fileEncoding = 4; lastKnownFileType = sourcecode.c.h; path = TWPhotosCollectionViewController.h; sourceTree = "<group>"; };
		A21B99CA19DEAAA3002AF026 /* TWPhotosCollectionViewController.m */ = {isa = PBXFileReference; fileEncoding = 4; lastKnownFileType = sourcecode.c.objc; path = TWPhotosCollectionViewController.m; sourceTree = "<group>"; };
		A21B99CC19DEAD6E002AF026 /* TWPhotoCollectionViewCell.h */ = {isa = PBXFileReference; fileEncoding = 4; lastKnownFileType = sourcecode.c.h; name = TWPhotoCollectionViewCell.h; path = ../TWPhotoCollectionViewCell.h; sourceTree = "<group>"; };
		A21B99CD19DEAD6E002AF026 /* TWPhotoCollectionViewCell.m */ = {isa = PBXFileReference; fileEncoding = 4; lastKnownFileType = sourcecode.c.objc; name = TWPhotoCollectionViewCell.m; path = ../TWPhotoCollectionViewCell.m; sourceTree = "<group>"; };
		A21B99CF19DEB066002AF026 /* astronaut.jpg */ = {isa = PBXFileReference; lastKnownFileType = image.jpeg; path = astronaut.jpg; sourceTree = "<group>"; };
		A21B99D419DEC4C7002AF026 /* Photo.h */ = {isa = PBXFileReference; fileEncoding = 4; lastKnownFileType = sourcecode.c.h; name = Photo.h; path = ../Photo.h; sourceTree = "<group>"; };
		A21B99D519DEC4C7002AF026 /* Photo.m */ = {isa = PBXFileReference; fileEncoding = 4; lastKnownFileType = sourcecode.c.objc; name = Photo.m; path = ../Photo.m; sourceTree = "<group>"; };
		A21B99D719DEC4C8002AF026 /* Album.h */ = {isa = PBXFileReference; fileEncoding = 4; lastKnownFileType = sourcecode.c.h; name = Album.h; path = ../Album.h; sourceTree = "<group>"; };
		A21B99D819DEC4C8002AF026 /* Album.m */ = {isa = PBXFileReference; fileEncoding = 4; lastKnownFileType = sourcecode.c.objc; name = Album.m; path = ../Album.m; sourceTree = "<group>"; };
		A21B99DB19DEC5B9002AF026 /* TWPictureDataTransformer.h */ = {isa = PBXFileReference; fileEncoding = 4; lastKnownFileType = sourcecode.c.h; path = TWPictureDataTransformer.h; sourceTree = "<group>"; };
		A21B99DC19DEC5B9002AF026 /* TWPictureDataTransformer.m */ = {isa = PBXFileReference; fileEncoding = 4; lastKnownFileType = sourcecode.c.objc; path = TWPictureDataTransformer.m; sourceTree = "<group>"; };
		A21B99DE19DED1C1002AF026 /* TWPhotoDetailViewController.h */ = {isa = PBXFileReference; fileEncoding = 4; lastKnownFileType = sourcecode.c.h; path = TWPhotoDetailViewController.h; sourceTree = "<group>"; };
		A21B99DF19DED1C1002AF026 /* TWPhotoDetailViewController.m */ = {isa = PBXFileReference; fileEncoding = 4; lastKnownFileType = sourcecode.c.objc; path = TWPhotoDetailViewController.m; sourceTree = "<group>"; };
		A298C8ED19DDA08700C0294D /* Thousand Words.app */ = {isa = PBXFileReference; explicitFileType = wrapper.application; includeInIndex = 0; path = "Thousand Words.app"; sourceTree = BUILT_PRODUCTS_DIR; };
		A298C8F119DDA08700C0294D /* Info.plist */ = {isa = PBXFileReference; lastKnownFileType = text.plist.xml; path = Info.plist; sourceTree = "<group>"; };
		A298C8F219DDA08700C0294D /* main.m */ = {isa = PBXFileReference; lastKnownFileType = sourcecode.c.objc; path = main.m; sourceTree = "<group>"; };
		A298C8F419DDA08700C0294D /* AppDelegate.h */ = {isa = PBXFileReference; lastKnownFileType = sourcecode.c.h; path = AppDelegate.h; sourceTree = "<group>"; };
		A298C8F519DDA08700C0294D /* AppDelegate.m */ = {isa = PBXFileReference; lastKnownFileType = sourcecode.c.objc; path = AppDelegate.m; sourceTree = "<group>"; };
		A298C8F819DDA08700C0294D /* Thousand_Words.xcdatamodel */ = {isa = PBXFileReference; lastKnownFileType = wrapper.xcdatamodel; path = Thousand_Words.xcdatamodel; sourceTree = "<group>"; };
		A298C90019DDA08700C0294D /* Images.xcassets */ = {isa = PBXFileReference; lastKnownFileType = folder.assetcatalog; path = Images.xcassets; sourceTree = "<group>"; };
		A298C90919DDA08700C0294D /* Thousand WordsTests.xctest */ = {isa = PBXFileReference; explicitFileType = wrapper.cfbundle; includeInIndex = 0; path = "Thousand WordsTests.xctest"; sourceTree = BUILT_PRODUCTS_DIR; };
		A298C90E19DDA08700C0294D /* Info.plist */ = {isa = PBXFileReference; lastKnownFileType = text.plist.xml; path = Info.plist; sourceTree = "<group>"; };
		A298C90F19DDA08700C0294D /* Thousand_WordsTests.m */ = {isa = PBXFileReference; lastKnownFileType = sourcecode.c.objc; path = Thousand_WordsTests.m; sourceTree = "<group>"; };
		A298C91919DDA25700C0294D /* Storyboard.storyboard */ = {isa = PBXFileReference; fileEncoding = 4; lastKnownFileType = file.storyboard; path = Storyboard.storyboard; sourceTree = "<group>"; };
		A298C91B19DDA2F500C0294D /* TWAlbumTableViewController.h */ = {isa = PBXFileReference; fileEncoding = 4; lastKnownFileType = sourcecode.c.h; path = TWAlbumTableViewController.h; sourceTree = "<group>"; };
		A298C91C19DDA2F500C0294D /* TWAlbumTableViewController.m */ = {isa = PBXFileReference; fileEncoding = 4; lastKnownFileType = sourcecode.c.objc; path = TWAlbumTableViewController.m; sourceTree = "<group>"; };
		A29ED8B319DFE03D00B64531 /* TWFiltersCollectionViewController.h */ = {isa = PBXFileReference; fileEncoding = 4; lastKnownFileType = sourcecode.c.h; path = TWFiltersCollectionViewController.h; sourceTree = "<group>"; };
		A29ED8B419DFE03D00B64531 /* TWFiltersCollectionViewController.m */ = {isa = PBXFileReference; fileEncoding = 4; lastKnownFileType = sourcecode.c.objc; path = TWFiltersCollectionViewController.m; sourceTree = "<group>"; };
/* End PBXFileReference section */

/* Begin PBXFrameworksBuildPhase section */
		A298C8EA19DDA08700C0294D /* Frameworks */ = {
			isa = PBXFrameworksBuildPhase;
			buildActionMask = 2147483647;
			files = (
			);
			runOnlyForDeploymentPostprocessing = 0;
		};
		A298C90619DDA08700C0294D /* Frameworks */ = {
			isa = PBXFrameworksBuildPhase;
			buildActionMask = 2147483647;
			files = (
			);
			runOnlyForDeploymentPostprocessing = 0;
		};
/* End PBXFrameworksBuildPhase section */

/* Begin PBXGroup section */
		A21B99DA19DEC501002AF026 /* CoreData */ = {
			isa = PBXGroup;
			children = (
				A21B99D719DEC4C8002AF026 /* Album.h */,
				A21B99D819DEC4C8002AF026 /* Album.m */,
				A21B99D419DEC4C7002AF026 /* Photo.h */,
				A21B99D519DEC4C7002AF026 /* Photo.m */,
				A21B99DB19DEC5B9002AF026 /* TWPictureDataTransformer.h */,
				A21B99DC19DEC5B9002AF026 /* TWPictureDataTransformer.m */,
			);
			name = CoreData;
			sourceTree = "<group>";
		};
		A298C8E419DDA08700C0294D = {
			isa = PBXGroup;
			children = (
				A298C8EF19DDA08700C0294D /* Thousand Words */,
				A298C90C19DDA08700C0294D /* Thousand WordsTests */,
				A298C8EE19DDA08700C0294D /* Products */,
			);
			sourceTree = "<group>";
		};
		A298C8EE19DDA08700C0294D /* Products */ = {
			isa = PBXGroup;
			children = (
				A298C8ED19DDA08700C0294D /* Thousand Words.app */,
				A298C90919DDA08700C0294D /* Thousand WordsTests.xctest */,
			);
			name = Products;
			sourceTree = "<group>";
		};
		A298C8EF19DDA08700C0294D /* Thousand Words */ = {
			isa = PBXGroup;
			children = (
				A298C91919DDA25700C0294D /* Storyboard.storyboard */,
				A29ED8B319DFE03D00B64531 /* TWFiltersCollectionViewController.h */,
				A29ED8B419DFE03D00B64531 /* TWFiltersCollectionViewController.m */,
				A21B99DE19DED1C1002AF026 /* TWPhotoDetailViewController.h */,
				A21B99DF19DED1C1002AF026 /* TWPhotoDetailViewController.m */,
				A298C91B19DDA2F500C0294D /* TWAlbumTableViewController.h */,
				A298C91C19DDA2F500C0294D /* TWAlbumTableViewController.m */,
				A21B99C919DEAAA3002AF026 /* TWPhotosCollectionViewController.h */,
				A21B99CA19DEAAA3002AF026 /* TWPhotosCollectionViewController.m */,
				A21B99CC19DEAD6E002AF026 /* TWPhotoCollectionViewCell.h */,
				A21B99CD19DEAD6E002AF026 /* TWPhotoCollectionViewCell.m */,
				A21B99C619DEA665002AF026 /* TWCoreDateHelper.h */,
				A21B99C719DEA665002AF026 /* TWCoreDateHelper.m */,
				A298C90019DDA08700C0294D /* Images.xcassets */,
				A298C8F719DDA08700C0294D /* Thousand_Words.xcdatamodeld */,
				A21B99DA19DEC501002AF026 /* CoreData */,
				A298C8F019DDA08700C0294D /* Supporting Files */,
			);
			path = "Thousand Words";
			sourceTree = "<group>";
		};
		A298C8F019DDA08700C0294D /* Supporting Files */ = {
			isa = PBXGroup;
			children = (
				A21B99CF19DEB066002AF026 /* astronaut.jpg */,
				A298C8F419DDA08700C0294D /* AppDelegate.h */,
				A298C8F519DDA08700C0294D /* AppDelegate.m */,
				A298C8F119DDA08700C0294D /* Info.plist */,
				A298C8F219DDA08700C0294D /* main.m */,
			);
			name = "Supporting Files";
			sourceTree = "<group>";
		};
		A298C90C19DDA08700C0294D /* Thousand WordsTests */ = {
			isa = PBXGroup;
			children = (
				A298C90F19DDA08700C0294D /* Thousand_WordsTests.m */,
				A298C90D19DDA08700C0294D /* Supporting Files */,
			);
			path = "Thousand WordsTests";
			sourceTree = "<group>";
		};
		A298C90D19DDA08700C0294D /* Supporting Files */ = {
			isa = PBXGroup;
			children = (
				A298C90E19DDA08700C0294D /* Info.plist */,
			);
			name = "Supporting Files";
			sourceTree = "<group>";
		};
/* End PBXGroup section */

/* Begin PBXNativeTarget section */
		A298C8EC19DDA08700C0294D /* Thousand Words */ = {
			isa = PBXNativeTarget;
			buildConfigurationList = A298C91319DDA08700C0294D /* Build configuration list for PBXNativeTarget "Thousand Words" */;
			buildPhases = (
				A298C8E919DDA08700C0294D /* Sources */,
				A298C8EA19DDA08700C0294D /* Frameworks */,
				A298C8EB19DDA08700C0294D /* Resources */,
			);
			buildRules = (
			);
			dependencies = (
			);
			name = "Thousand Words";
			productName = "Thousand Words";
			productReference = A298C8ED19DDA08700C0294D /* Thousand Words.app */;
			productType = "com.apple.product-type.application";
		};
		A298C90819DDA08700C0294D /* Thousand WordsTests */ = {
			isa = PBXNativeTarget;
			buildConfigurationList = A298C91619DDA08700C0294D /* Build configuration list for PBXNativeTarget "Thousand WordsTests" */;
			buildPhases = (
				A298C90519DDA08700C0294D /* Sources */,
				A298C90619DDA08700C0294D /* Frameworks */,
				A298C90719DDA08700C0294D /* Resources */,
			);
			buildRules = (
			);
			dependencies = (
				A298C90B19DDA08700C0294D /* PBXTargetDependency */,
			);
			name = "Thousand WordsTests";
			productName = "Thousand WordsTests";
			productReference = A298C90919DDA08700C0294D /* Thousand WordsTests.xctest */;
			productType = "com.apple.product-type.bundle.unit-test";
		};
/* End PBXNativeTarget section */

/* Begin PBXProject section */
		A298C8E519DDA08700C0294D /* Project object */ = {
			isa = PBXProject;
			attributes = {
				LastUpgradeCheck = 0600;
				ORGANIZATIONNAME = BrickInc;
				TargetAttributes = {
					A298C8EC19DDA08700C0294D = {
						CreatedOnToolsVersion = 6.0.1;
					};
					A298C90819DDA08700C0294D = {
						CreatedOnToolsVersion = 6.0.1;
						TestTargetID = A298C8EC19DDA08700C0294D;
					};
				};
			};
			buildConfigurationList = A298C8E819DDA08700C0294D /* Build configuration list for PBXProject "Thousand Words" */;
			compatibilityVersion = "Xcode 3.2";
			developmentRegion = English;
			hasScannedForEncodings = 0;
			knownRegions = (
				en,
				Base,
			);
			mainGroup = A298C8E419DDA08700C0294D;
			productRefGroup = A298C8EE19DDA08700C0294D /* Products */;
			projectDirPath = "";
			projectRoot = "";
			targets = (
				A298C8EC19DDA08700C0294D /* Thousand Words */,
				A298C90819DDA08700C0294D /* Thousand WordsTests */,
			);
		};
/* End PBXProject section */

/* Begin PBXResourcesBuildPhase section */
		A298C8EB19DDA08700C0294D /* Resources */ = {
			isa = PBXResourcesBuildPhase;
			buildActionMask = 2147483647;
			files = (
				A21B99D019DEB066002AF026 /* astronaut.jpg in Resources */,
				A298C90119DDA08700C0294D /* Images.xcassets in Resources */,
				A298C91A19DDA25700C0294D /* Storyboard.storyboard in Resources */,
			);
			runOnlyForDeploymentPostprocessing = 0;
		};
		A298C90719DDA08700C0294D /* Resources */ = {
			isa = PBXResourcesBuildPhase;
			buildActionMask = 2147483647;
			files = (
			);
			runOnlyForDeploymentPostprocessing = 0;
		};
/* End PBXResourcesBuildPhase section */

/* Begin PBXSourcesBuildPhase section */
		A298C8E919DDA08700C0294D /* Sources */ = {
			isa = PBXSourcesBuildPhase;
			buildActionMask = 2147483647;
			files = (
				A298C8F619DDA08700C0294D /* AppDelegate.m in Sources */,
				A29ED8B519DFE03D00B64531 /* TWFiltersCollectionViewController.m in Sources */,
				A21B99DD19DEC5B9002AF026 /* TWPictureDataTransformer.m in Sources */,
				A21B99CB19DEAAA3002AF026 /* TWPhotosCollectionViewController.m in Sources */,
				A21B99CE19DEAD6E002AF026 /* TWPhotoCollectionViewCell.m in Sources */,
				A298C8F319DDA08700C0294D /* main.m in Sources */,
				A21B99D619DEC4C7002AF026 /* Photo.m in Sources */,
				A298C91D19DDA2F500C0294D /* TWAlbumTableViewController.m in Sources */,
				A21B99D919DEC4C8002AF026 /* Album.m in Sources */,
				A21B99E019DED1C1002AF026 /* TWPhotoDetailViewController.m in Sources */,
				A21B99C819DEA665002AF026 /* TWCoreDateHelper.m in Sources */,
				A298C8F919DDA08700C0294D /* Thousand_Words.xcdatamodeld in Sources */,
			);
			runOnlyForDeploymentPostprocessing = 0;
		};
		A298C90519DDA08700C0294D /* Sources */ = {
			isa = PBXSourcesBuildPhase;
			buildActionMask = 2147483647;
			files = (
				A298C91019DDA08700C0294D /* Thousand_WordsTests.m in Sources */,
			);
			runOnlyForDeploymentPostprocessing = 0;
		};
/* End PBXSourcesBuildPhase section */

/* Begin PBXTargetDependency section */
		A298C90B19DDA08700C0294D /* PBXTargetDependency */ = {
			isa = PBXTargetDependency;
			target = A298C8EC19DDA08700C0294D /* Thousand Words */;
			targetProxy = A298C90A19DDA08700C0294D /* PBXContainerItemProxy */;
		};
/* End PBXTargetDependency section */

/* Begin XCBuildConfiguration section */
		A298C91119DDA08700C0294D /* Debug */ = {
			isa = XCBuildConfiguration;
			buildSettings = {
				ALWAYS_SEARCH_USER_PATHS = NO;
				CLANG_CXX_LANGUAGE_STANDARD = "gnu++0x";
				CLANG_CXX_LIBRARY = "libc++";
				CLANG_ENABLE_MODULES = YES;
				CLANG_ENABLE_OBJC_ARC = YES;
				CLANG_WARN_BOOL_CONVERSION = YES;
				CLANG_WARN_CONSTANT_CONVERSION = YES;
				CLANG_WARN_DIRECT_OBJC_ISA_USAGE = YES_ERROR;
				CLANG_WARN_EMPTY_BODY = YES;
				CLANG_WARN_ENUM_CONVERSION = YES;
				CLANG_WARN_INT_CONVERSION = YES;
				CLANG_WARN_OBJC_ROOT_CLASS = YES_ERROR;
				CLANG_WARN_UNREACHABLE_CODE = YES;
				CLANG_WARN__DUPLICATE_METHOD_MATCH = YES;
				"CODE_SIGN_IDENTITY[sdk=iphoneos*]" = "iPhone Developer";
				COPY_PHASE_STRIP = NO;
				ENABLE_STRICT_OBJC_MSGSEND = YES;
				GCC_C_LANGUAGE_STANDARD = gnu99;
				GCC_DYNAMIC_NO_PIC = NO;
				GCC_OPTIMIZATION_LEVEL = 0;
				GCC_PREPROCESSOR_DEFINITIONS = (
					"DEBUG=1",
					"$(inherited)",
				);
				GCC_SYMBOLS_PRIVATE_EXTERN = NO;
				GCC_WARN_64_TO_32_BIT_CONVERSION = YES;
				GCC_WARN_ABOUT_RETURN_TYPE = YES_ERROR;
				GCC_WARN_UNDECLARED_SELECTOR = YES;
				GCC_WARN_UNINITIALIZED_AUTOS = YES_AGGRESSIVE;
				GCC_WARN_UNUSED_FUNCTION = YES;
				GCC_WARN_UNUSED_VARIABLE = YES;
				IPHONEOS_DEPLOYMENT_TARGET = 8.0;
				MTL_ENABLE_DEBUG_INFO = YES;
				ONLY_ACTIVE_ARCH = YES;
				SDKROOT = iphoneos;
			};
			name = Debug;
		};
		A298C91219DDA08700C0294D /* Release */ = {
			isa = XCBuildConfiguration;
			buildSettings = {
				ALWAYS_SEARCH_USER_PATHS = NO;
				CLANG_CXX_LANGUAGE_STANDARD = "gnu++0x";
				CLANG_CXX_LIBRARY = "libc++";
				CLANG_ENABLE_MODULES = YES;
				CLANG_ENABLE_OBJC_ARC = YES;
				CLANG_WARN_BOOL_CONVERSION = YES;
				CLANG_WARN_CONSTANT_CONVERSION = YES;
				CLANG_WARN_DIRECT_OBJC_ISA_USAGE = YES_ERROR;
				CLANG_WARN_EMPTY_BODY = YES;
				CLANG_WARN_ENUM_CONVERSION = YES;
				CLANG_WARN_INT_CONVERSION = YES;
				CLANG_WARN_OBJC_ROOT_CLASS = YES_ERROR;
				CLANG_WARN_UNREACHABLE_CODE = YES;
				CLANG_WARN__DUPLICATE_METHOD_MATCH = YES;
				"CODE_SIGN_IDENTITY[sdk=iphoneos*]" = "iPhone Developer";
				COPY_PHASE_STRIP = YES;
				ENABLE_NS_ASSERTIONS = NO;
				ENABLE_STRICT_OBJC_MSGSEND = YES;
				GCC_C_LANGUAGE_STANDARD = gnu99;
				GCC_WARN_64_TO_32_BIT_CONVERSION = YES;
				GCC_WARN_ABOUT_RETURN_TYPE = YES_ERROR;
				GCC_WARN_UNDECLARED_SELECTOR = YES;
				GCC_WARN_UNINITIALIZED_AUTOS = YES_AGGRESSIVE;
				GCC_WARN_UNUSED_FUNCTION = YES;
				GCC_WARN_UNUSED_VARIABLE = YES;
				IPHONEOS_DEPLOYMENT_TARGET = 8.0;
				MTL_ENABLE_DEBUG_INFO = NO;
				SDKROOT = iphoneos;
				VALIDATE_PRODUCT = YES;
			};
			name = Release;
		};
		A298C91419DDA08700C0294D /* Debug */ = {
			isa = XCBuildConfiguration;
			buildSettings = {
				ASSETCATALOG_COMPILER_APPICON_NAME = AppIcon;
				ASSETCATALOG_COMPILER_LAUNCHIMAGE_NAME = LaunchImage;
				INFOPLIST_FILE = "Thousand Words/Info.plist";
				LD_RUNPATH_SEARCH_PATHS = "$(inherited) @executable_path/Frameworks";
				PRODUCT_NAME = "$(TARGET_NAME)";
			};
			name = Debug;
		};
		A298C91519DDA08700C0294D /* Release */ = {
			isa = XCBuildConfiguration;
			buildSettings = {
				ASSETCATALOG_COMPILER_APPICON_NAME = AppIcon;
				ASSETCATALOG_COMPILER_LAUNCHIMAGE_NAME = LaunchImage;
				INFOPLIST_FILE = "Thousand Words/Info.plist";
				LD_RUNPATH_SEARCH_PATHS = "$(inherited) @executable_path/Frameworks";
				PRODUCT_NAME = "$(TARGET_NAME)";
			};
			name = Release;
		};
		A298C91719DDA08700C0294D /* Debug */ = {
			isa = XCBuildConfiguration;
			buildSettings = {
				BUNDLE_LOADER = "$(TEST_HOST)";
				FRAMEWORK_SEARCH_PATHS = (
					"$(SDKROOT)/Developer/Library/Frameworks",
					"$(inherited)",
				);
				GCC_PREPROCESSOR_DEFINITIONS = (
					"DEBUG=1",
					"$(inherited)",
				);
				INFOPLIST_FILE = "Thousand WordsTests/Info.plist";
				LD_RUNPATH_SEARCH_PATHS = "$(inherited) @executable_path/Frameworks @loader_path/Frameworks";
				PRODUCT_NAME = "$(TARGET_NAME)";
				TEST_HOST = "$(BUILT_PRODUCTS_DIR)/Thousand Words.app/Thousand Words";
			};
			name = Debug;
		};
		A298C91819DDA08700C0294D /* Release */ = {
			isa = XCBuildConfiguration;
			buildSettings = {
				BUNDLE_LOADER = "$(TEST_HOST)";
				FRAMEWORK_SEARCH_PATHS = (
					"$(SDKROOT)/Developer/Library/Frameworks",
					"$(inherited)",
				);
				INFOPLIST_FILE = "Thousand WordsTests/Info.plist";
				LD_RUNPATH_SEARCH_PATHS = "$(inherited) @executable_path/Frameworks @loader_path/Frameworks";
				PRODUCT_NAME = "$(TARGET_NAME)";
				TEST_HOST = "$(BUILT_PRODUCTS_DIR)/Thousand Words.app/Thousand Words";
			};
			name = Release;
		};
/* End XCBuildConfiguration section */

/* Begin XCConfigurationList section */
		A298C8E819DDA08700C0294D /* Build configuration list for PBXProject "Thousand Words" */ = {
			isa = XCConfigurationList;
			buildConfigurations = (
				A298C91119DDA08700C0294D /* Debug */,
				A298C91219DDA08700C0294D /* Release */,
			);
			defaultConfigurationIsVisible = 0;
			defaultConfigurationName = Release;
		};
		A298C91319DDA08700C0294D /* Build configuration list for PBXNativeTarget "Thousand Words" */ = {
			isa = XCConfigurationList;
			buildConfigurations = (
				A298C91419DDA08700C0294D /* Debug */,
				A298C91519DDA08700C0294D /* Release */,
			);
			defaultConfigurationIsVisible = 0;
			defaultConfigurationName = Release;
		};
		A298C91619DDA08700C0294D /* Build configuration list for PBXNativeTarget "Thousand WordsTests" */ = {
			isa = XCConfigurationList;
			buildConfigurations = (
				A298C91719DDA08700C0294D /* Debug */,
				A298C91819DDA08700C0294D /* Release */,
			);
			defaultConfigurationIsVisible = 0;
			defaultConfigurationName = Release;
		};
/* End XCConfigurationList section */

/* Begin XCVersionGroup section */
		A298C8F719DDA08700C0294D /* Thousand_Words.xcdatamodeld */ = {
			isa = XCVersionGroup;
			children = (
				A298C8F819DDA08700C0294D /* Thousand_Words.xcdatamodel */,
			);
			currentVersion = A298C8F819DDA08700C0294D /* Thousand_Words.xcdatamodel */;
			path = Thousand_Words.xcdatamodeld;
			sourceTree = "<group>";
			versionGroupType = wrapper.xcdatamodel;
		};
/* End XCVersionGroup section */
	};
	rootObject = A298C8E519DDA08700C0294D /* Project object */;
}
